{
  "name": "website-projects",
  "lockfileVersion": 2,
  "requires": true,
  "packages": {
    "": {
      "devDependencies": {
        "prettier": "^2.7.1",
        "prettier-plugin-tailwindcss": "^0.1.12"
      }
    },
    "node_modules/prettier": {
      "version": "2.7.1",
      "resolved": "https://registry.npmjs.org/prettier/-/prettier-2.7.1.tgz",
      "integrity": "sha512-ujppO+MkdPqoVINuDFDRLClm7D78qbDt0/NR+wp5FqEZOoTNAjPHWj17QRhu7geIHJfcNhRk1XVQmF8Bp3ye+g==",
      "dev": true,
      "bin": {
        "prettier": "bin-prettier.js"
      },
      "engines": {
        "node": ">=10.13.0"
      },
      "funding": {
        "url": "https://github.com/prettier/prettier?sponsor=1"
      }
    },
    "node_modules/prettier-plugin-tailwindcss": {
      "version": "0.1.12",
      "resolved": "https://registry.npmjs.org/prettier-plugin-tailwindcss/-/prettier-plugin-tailwindcss-0.1.12.tgz",
      "integrity": "sha512-pEZ6tppwknCeq3ObR9g8t61AhWtVRRR3I0EQNeiRrrJ3D42FJGeUDxiFc/LJRYEeAx5JOxagsF0MICwuWOJa+w==",
      "dev": true,
      "engines": {
        "node": ">=12.17.0"
      },
      "peerDependencies": {
        "prettier": ">=2.2.0"
      }
    }
  },
  "dependencies": {
    "prettier": {
      "version": "2.7.1",
      "resolved": "https://registry.npmjs.org/prettier/-/prettier-2.7.1.tgz",
      "integrity": "sha512-ujppO+MkdPqoVINuDFDRLClm7D78qbDt0/NR+wp5FqEZOoTNAjPHWj17QRhu7geIHJfcNhRk1XVQmF8Bp3ye+g==",
      "dev": true
    },
    "prettier-plugin-tailwindcss": {
      "version": "0.1.12",
      "resolved": "https://registry.npmjs.org/prettier-plugin-tailwindcss/-/prettier-plugin-tailwindcss-0.1.12.tgz",
      "integrity": "sha512-pEZ6tppwknCeq3ObR9g8t61AhWtVRRR3I0EQNeiRrrJ3D42FJGeUDxiFc/LJRYEeAx5JOxagsF0MICwuWOJa+w==",
      "dev": true,
      "requires": {}
    }
  }
}
